// !$*UTF8*$!
{
	archiveVersion = 1;
	classes = {
	};
	objectVersion = 56;
	objects = {

/* Begin PBXBuildFile section */
		6457E8E02B83F17A005A1338 /* launchScreen.jpg in Resources */ = {isa = PBXBuildFile; fileRef = 6457E8DF2B83F17A005A1338 /* launchScreen.jpg */; };
		6457E8E22B83F57C005A1338 /* Launch Screen.storyboard in Resources */ = {isa = PBXBuildFile; fileRef = 6457E8E12B83F57C005A1338 /* Launch Screen.storyboard */; };
		6457E8E62B840FD8005A1338 /* HeaderView.swift in Sources */ = {isa = PBXBuildFile; fileRef = 6457E8E52B840FD8005A1338 /* HeaderView.swift */; };
		6457E8F62B8433D5005A1338 /* DefaultImage4.jpg in Resources */ = {isa = PBXBuildFile; fileRef = 6457E8E92B8433D4005A1338 /* DefaultImage4.jpg */; };
		6457E8F72B8433D5005A1338 /* DefaultImage3.jpg in Resources */ = {isa = PBXBuildFile; fileRef = 6457E8EA2B8433D4005A1338 /* DefaultImage3.jpg */; };
		6457E8F82B8433D5005A1338 /* DefaultImage1.jpg in Resources */ = {isa = PBXBuildFile; fileRef = 6457E8EB2B8433D4005A1338 /* DefaultImage1.jpg */; };
		6457E8F92B8433D5005A1338 /* DefaultImage8.jpg in Resources */ = {isa = PBXBuildFile; fileRef = 6457E8EC2B8433D4005A1338 /* DefaultImage8.jpg */; };
		6457E8FA2B8433D5005A1338 /* DefaultImage9.jpg in Resources */ = {isa = PBXBuildFile; fileRef = 6457E8ED2B8433D4005A1338 /* DefaultImage9.jpg */; };
		6457E8FB2B8433D5005A1338 /* DefaultImage7.jpg in Resources */ = {isa = PBXBuildFile; fileRef = 6457E8EE2B8433D4005A1338 /* DefaultImage7.jpg */; };
		6457E8FC2B8433D5005A1338 /* DefaultImage11.jpg in Resources */ = {isa = PBXBuildFile; fileRef = 6457E8EF2B8433D5005A1338 /* DefaultImage11.jpg */; };
		6457E8FD2B8433D5005A1338 /* DefaultImage10.jpg in Resources */ = {isa = PBXBuildFile; fileRef = 6457E8F02B8433D5005A1338 /* DefaultImage10.jpg */; };
		6457E8FE2B8433D5005A1338 /* DefaultImage6.jpg in Resources */ = {isa = PBXBuildFile; fileRef = 6457E8F12B8433D5005A1338 /* DefaultImage6.jpg */; };
		6457E8FF2B8433D5005A1338 /* DefaultImage5.jpg in Resources */ = {isa = PBXBuildFile; fileRef = 6457E8F22B8433D5005A1338 /* DefaultImage5.jpg */; };
		6457E9002B8433D5005A1338 /* DefaultImage2.jpg in Resources */ = {isa = PBXBuildFile; fileRef = 6457E8F32B8433D5005A1338 /* DefaultImage2.jpg */; };
		6457E9012B8433D5005A1338 /* DefaultImage12.jpg in Resources */ = {isa = PBXBuildFile; fileRef = 6457E8F42B8433D5005A1338 /* DefaultImage12.jpg */; };
		6457E9022B8433D5005A1338 /* DefaultImage13.jpg in Resources */ = {isa = PBXBuildFile; fileRef = 6457E8F52B8433D5005A1338 /* DefaultImage13.jpg */; };
		6457E9042B848B7D005A1338 /* Loading.jpg in Resources */ = {isa = PBXBuildFile; fileRef = 6457E9032B848B7D005A1338 /* Loading.jpg */; };
		6457E9062B8528C9005A1338 /* BonusView.swift in Sources */ = {isa = PBXBuildFile; fileRef = 6457E9052B8528C9005A1338 /* BonusView.swift */; };
		6457E9082B85351C005A1338 /* spaceImage.jpg in Resources */ = {isa = PBXBuildFile; fileRef = 6457E9072B85351C005A1338 /* spaceImage.jpg */; };
		6457E90A2B854A20005A1338 /* MyButtonModel.swift in Sources */ = {isa = PBXBuildFile; fileRef = 6457E9092B854A20005A1338 /* MyButtonModel.swift */; };
		6457E9112B8690C2005A1338 /* LoginView.swift in Sources */ = {isa = PBXBuildFile; fileRef = 6457E9102B8690C2005A1338 /* LoginView.swift */; };
		6457E9132B86CFCA005A1338 /* SettingsView.swift in Sources */ = {isa = PBXBuildFile; fileRef = 6457E9122B86CFCA005A1338 /* SettingsView.swift */; };
		6457E9152B890989005A1338 /* Bigger.jpeg in Resources */ = {isa = PBXBuildFile; fileRef = 6457E9142B890989005A1338 /* Bigger.jpeg */; };
		646CCF1B2B8DB76200CBE526 /* Bonus.wav in Resources */ = {isa = PBXBuildFile; fileRef = 646CCF1A2B8DB76200CBE526 /* Bonus.wav */; };
		647996972B7EEA0500B38283 /* MultiplyChallengeApp.swift in Sources */ = {isa = PBXBuildFile; fileRef = 647996962B7EEA0500B38283 /* MultiplyChallengeApp.swift */; };
		647996992B7EEA0500B38283 /* InitScreen.swift in Sources */ = {isa = PBXBuildFile; fileRef = 647996982B7EEA0500B38283 /* InitScreen.swift */; };
		6479969B2B7EEA0600B38283 /* Assets.xcassets in Resources */ = {isa = PBXBuildFile; fileRef = 6479969A2B7EEA0600B38283 /* Assets.xcassets */; };
		6479969E2B7EEA0600B38283 /* Preview Assets.xcassets in Resources */ = {isa = PBXBuildFile; fileRef = 6479969D2B7EEA0600B38283 /* Preview Assets.xcassets */; };
		647996A52B7EFE6F00B38283 /* GameFile.swift in Sources */ = {isa = PBXBuildFile; fileRef = 647996A42B7EFE6F00B38283 /* GameFile.swift */; };
		647996A72B7EFEDE00B38283 /* ImagePicker.swift in Sources */ = {isa = PBXBuildFile; fileRef = 647996A62B7EFEDE00B38283 /* ImagePicker.swift */; };
		647996A92B7EFF3E00B38283 /* MathQuestionBuilder.swift in Sources */ = {isa = PBXBuildFile; fileRef = 647996A82B7EFF3E00B38283 /* MathQuestionBuilder.swift */; };
		647996C32B817E9700B38283 /* CorrectAnswer.wav in Resources */ = {isa = PBXBuildFile; fileRef = 647996BF2B817E9700B38283 /* CorrectAnswer.wav */; };
		647996C42B817E9700B38283 /* RepeatLevel.aiff in Resources */ = {isa = PBXBuildFile; fileRef = 647996C02B817E9700B38283 /* RepeatLevel.aiff */; };
		647996C52B817E9700B38283 /* WrongAnswer.aiff in Resources */ = {isa = PBXBuildFile; fileRef = 647996C12B817E9700B38283 /* WrongAnswer.aiff */; };
		647996C62B817E9700B38283 /* NextLevel.aiff in Resources */ = {isa = PBXBuildFile; fileRef = 647996C22B817E9700B38283 /* NextLevel.aiff */; };
/* End PBXBuildFile section */

/* Begin PBXFileReference section */
		6457E8DF2B83F17A005A1338 /* launchScreen.jpg */ = {isa = PBXFileReference; lastKnownFileType = image.jpeg; path = launchScreen.jpg; sourceTree = "<group>"; };
		6457E8E12B83F57C005A1338 /* Launch Screen.storyboard */ = {isa = PBXFileReference; lastKnownFileType = file.storyboard; path = "Launch Screen.storyboard"; sourceTree = "<group>"; };
		6457E8E52B840FD8005A1338 /* HeaderView.swift */ = {isa = PBXFileReference; lastKnownFileType = sourcecode.swift; path = HeaderView.swift; sourceTree = "<group>"; };
		6457E8E92B8433D4005A1338 /* DefaultImage4.jpg */ = {isa = PBXFileReference; lastKnownFileType = image.jpeg; path = DefaultImage4.jpg; sourceTree = "<group>"; };
		6457E8EA2B8433D4005A1338 /* DefaultImage3.jpg */ = {isa = PBXFileReference; lastKnownFileType = image.jpeg; path = DefaultImage3.jpg; sourceTree = "<group>"; };
		6457E8EB2B8433D4005A1338 /* DefaultImage1.jpg */ = {isa = PBXFileReference; lastKnownFileType = image.jpeg; path = DefaultImage1.jpg; sourceTree = "<group>"; };
		6457E8EC2B8433D4005A1338 /* DefaultImage8.jpg */ = {isa = PBXFileReference; lastKnownFileType = image.jpeg; path = DefaultImage8.jpg; sourceTree = "<group>"; };
		6457E8ED2B8433D4005A1338 /* DefaultImage9.jpg */ = {isa = PBXFileReference; lastKnownFileType = image.jpeg; path = DefaultImage9.jpg; sourceTree = "<group>"; };
		6457E8EE2B8433D4005A1338 /* DefaultImage7.jpg */ = {isa = PBXFileReference; lastKnownFileType = image.jpeg; path = DefaultImage7.jpg; sourceTree = "<group>"; };
		6457E8EF2B8433D5005A1338 /* DefaultImage11.jpg */ = {isa = PBXFileReference; lastKnownFileType = image.jpeg; path = DefaultImage11.jpg; sourceTree = "<group>"; };
		6457E8F02B8433D5005A1338 /* DefaultImage10.jpg */ = {isa = PBXFileReference; lastKnownFileType = image.jpeg; path = DefaultImage10.jpg; sourceTree = "<group>"; };
		6457E8F12B8433D5005A1338 /* DefaultImage6.jpg */ = {isa = PBXFileReference; lastKnownFileType = image.jpeg; path = DefaultImage6.jpg; sourceTree = "<group>"; };
		6457E8F22B8433D5005A1338 /* DefaultImage5.jpg */ = {isa = PBXFileReference; lastKnownFileType = image.jpeg; path = DefaultImage5.jpg; sourceTree = "<group>"; };
		6457E8F32B8433D5005A1338 /* DefaultImage2.jpg */ = {isa = PBXFileReference; lastKnownFileType = image.jpeg; path = DefaultImage2.jpg; sourceTree = "<group>"; };
		6457E8F42B8433D5005A1338 /* DefaultImage12.jpg */ = {isa = PBXFileReference; lastKnownFileType = image.jpeg; path = DefaultImage12.jpg; sourceTree = "<group>"; };
		6457E8F52B8433D5005A1338 /* DefaultImage13.jpg */ = {isa = PBXFileReference; lastKnownFileType = image.jpeg; path = DefaultImage13.jpg; sourceTree = "<group>"; };
		6457E9032B848B7D005A1338 /* Loading.jpg */ = {isa = PBXFileReference; lastKnownFileType = image.jpeg; path = Loading.jpg; sourceTree = "<group>"; };
		6457E9052B8528C9005A1338 /* BonusView.swift */ = {isa = PBXFileReference; lastKnownFileType = sourcecode.swift; path = BonusView.swift; sourceTree = "<group>"; };
		6457E9072B85351C005A1338 /* spaceImage.jpg */ = {isa = PBXFileReference; lastKnownFileType = image.jpeg; path = spaceImage.jpg; sourceTree = "<group>"; };
		6457E9092B854A20005A1338 /* MyButtonModel.swift */ = {isa = PBXFileReference; lastKnownFileType = sourcecode.swift; path = MyButtonModel.swift; sourceTree = "<group>"; };
		6457E9102B8690C2005A1338 /* LoginView.swift */ = {isa = PBXFileReference; lastKnownFileType = sourcecode.swift; path = LoginView.swift; sourceTree = "<group>"; };
		6457E9122B86CFCA005A1338 /* SettingsView.swift */ = {isa = PBXFileReference; lastKnownFileType = sourcecode.swift; path = SettingsView.swift; sourceTree = "<group>"; };
		6457E9142B890989005A1338 /* Bigger.jpeg */ = {isa = PBXFileReference; lastKnownFileType = image.jpeg; path = Bigger.jpeg; sourceTree = "<group>"; };
		646CCF1A2B8DB76200CBE526 /* Bonus.wav */ = {isa = PBXFileReference; lastKnownFileType = audio.wav; path = Bonus.wav; sourceTree = "<group>"; };
		647996932B7EEA0500B38283 /* MultiplyMe.app */ = {isa = PBXFileReference; explicitFileType = wrapper.application; includeInIndex = 0; path = MultiplyMe.app; sourceTree = BUILT_PRODUCTS_DIR; };
		647996962B7EEA0500B38283 /* MultiplyChallengeApp.swift */ = {isa = PBXFileReference; lastKnownFileType = sourcecode.swift; path = MultiplyChallengeApp.swift; sourceTree = "<group>"; };
		647996982B7EEA0500B38283 /* InitScreen.swift */ = {isa = PBXFileReference; lastKnownFileType = sourcecode.swift; path = InitScreen.swift; sourceTree = "<group>"; };
		6479969A2B7EEA0600B38283 /* Assets.xcassets */ = {isa = PBXFileReference; lastKnownFileType = folder.assetcatalog; path = Assets.xcassets; sourceTree = "<group>"; };
		6479969D2B7EEA0600B38283 /* Preview Assets.xcassets */ = {isa = PBXFileReference; lastKnownFileType = folder.assetcatalog; path = "Preview Assets.xcassets"; sourceTree = "<group>"; };
		647996A42B7EFE6F00B38283 /* GameFile.swift */ = {isa = PBXFileReference; lastKnownFileType = sourcecode.swift; path = GameFile.swift; sourceTree = "<group>"; };
		647996A62B7EFEDE00B38283 /* ImagePicker.swift */ = {isa = PBXFileReference; lastKnownFileType = sourcecode.swift; path = ImagePicker.swift; sourceTree = "<group>"; };
		647996A82B7EFF3E00B38283 /* MathQuestionBuilder.swift */ = {isa = PBXFileReference; lastKnownFileType = sourcecode.swift; path = MathQuestionBuilder.swift; sourceTree = "<group>"; };
		647996BF2B817E9700B38283 /* CorrectAnswer.wav */ = {isa = PBXFileReference; lastKnownFileType = audio.wav; path = CorrectAnswer.wav; sourceTree = "<group>"; };
		647996C02B817E9700B38283 /* RepeatLevel.aiff */ = {isa = PBXFileReference; lastKnownFileType = audio.aiff; path = RepeatLevel.aiff; sourceTree = "<group>"; };
		647996C12B817E9700B38283 /* WrongAnswer.aiff */ = {isa = PBXFileReference; lastKnownFileType = audio.aiff; path = WrongAnswer.aiff; sourceTree = "<group>"; };
		647996C22B817E9700B38283 /* NextLevel.aiff */ = {isa = PBXFileReference; lastKnownFileType = audio.aiff; path = NextLevel.aiff; sourceTree = "<group>"; };
/* End PBXFileReference section */

/* Begin PBXFrameworksBuildPhase section */
		647996902B7EEA0500B38283 /* Frameworks */ = {
			isa = PBXFrameworksBuildPhase;
			buildActionMask = 2147483647;
			files = (
			);
			runOnlyForDeploymentPostprocessing = 0;
		};
/* End PBXFrameworksBuildPhase section */

/* Begin PBXGroup section */
		6457E8E32B83F967005A1338 /* Views */ = {
			isa = PBXGroup;
			children = (
				647996A42B7EFE6F00B38283 /* GameFile.swift */,
				647996982B7EEA0500B38283 /* InitScreen.swift */,
				6457E8E52B840FD8005A1338 /* HeaderView.swift */,
				6457E9102B8690C2005A1338 /* LoginView.swift */,
				6457E9052B8528C9005A1338 /* BonusView.swift */,
				6457E9122B86CFCA005A1338 /* SettingsView.swift */,
			);
			path = Views;
			sourceTree = "<group>";
		};
		6457E8E42B83F9B2005A1338 /* Other */ = {
			isa = PBXGroup;
			children = (
				6457E8E12B83F57C005A1338 /* Launch Screen.storyboard */,
				647996A62B7EFEDE00B38283 /* ImagePicker.swift */,
				647996962B7EEA0500B38283 /* MultiplyChallengeApp.swift */,
				647996A82B7EFF3E00B38283 /* MathQuestionBuilder.swift */,
			);
			path = Other;
			sourceTree = "<group>";
		};
		6457E8E82B843239005A1338 /* background Images */ = {
			isa = PBXGroup;
			children = (
				6457E8EB2B8433D4005A1338 /* DefaultImage1.jpg */,
				6457E8F32B8433D5005A1338 /* DefaultImage2.jpg */,
				6457E8EA2B8433D4005A1338 /* DefaultImage3.jpg */,
				6457E8E92B8433D4005A1338 /* DefaultImage4.jpg */,
				6457E8F22B8433D5005A1338 /* DefaultImage5.jpg */,
				6457E8F12B8433D5005A1338 /* DefaultImage6.jpg */,
				6457E8EE2B8433D4005A1338 /* DefaultImage7.jpg */,
				6457E8EC2B8433D4005A1338 /* DefaultImage8.jpg */,
				6457E8ED2B8433D4005A1338 /* DefaultImage9.jpg */,
				6457E8F02B8433D5005A1338 /* DefaultImage10.jpg */,
				6457E8EF2B8433D5005A1338 /* DefaultImage11.jpg */,
				6457E8F42B8433D5005A1338 /* DefaultImage12.jpg */,
				6457E8F52B8433D5005A1338 /* DefaultImage13.jpg */,
			);
			path = "background Images";
			sourceTree = "<group>";
		};
		6457E90B2B854AE9005A1338 /* Models */ = {
			isa = PBXGroup;
			children = (
				6457E9092B854A20005A1338 /* MyButtonModel.swift */,
			);
			path = Models;
			sourceTree = "<group>";
		};
		6479968A2B7EEA0500B38283 = {
			isa = PBXGroup;
			children = (
				6457E90B2B854AE9005A1338 /* Models */,
				6457E8E82B843239005A1338 /* background Images */,
				6457E8E42B83F9B2005A1338 /* Other */,
				6457E8E32B83F967005A1338 /* Views */,
				647996BE2B817E7400B38283 /* AudioBits */,
				647996952B7EEA0500B38283 /* MultiplyChallenge */,
				647996942B7EEA0500B38283 /* Products */,
			);
			sourceTree = "<group>";
		};
		647996942B7EEA0500B38283 /* Products */ = {
			isa = PBXGroup;
			children = (
				647996932B7EEA0500B38283 /* MultiplyMe.app */,
			);
			name = Products;
			sourceTree = "<group>";
		};
		647996952B7EEA0500B38283 /* MultiplyChallenge */ = {
			isa = PBXGroup;
			children = (
				6479969A2B7EEA0600B38283 /* Assets.xcassets */,
				6457E9072B85351C005A1338 /* spaceImage.jpg */,
				6457E8DF2B83F17A005A1338 /* launchScreen.jpg */,
				6457E9032B848B7D005A1338 /* Loading.jpg */,
				6457E9142B890989005A1338 /* Bigger.jpeg */,
				6479969C2B7EEA0600B38283 /* Preview Content */,
			);
			path = MultiplyChallenge;
			sourceTree = "<group>";
		};
		6479969C2B7EEA0600B38283 /* Preview Content */ = {
			isa = PBXGroup;
			children = (
				6479969D2B7EEA0600B38283 /* Preview Assets.xcassets */,
			);
			path = "Preview Content";
			sourceTree = "<group>";
		};
		647996BE2B817E7400B38283 /* AudioBits */ = {
			isa = PBXGroup;
			children = (
				647996BF2B817E9700B38283 /* CorrectAnswer.wav */,
				647996C22B817E9700B38283 /* NextLevel.aiff */,
				647996C02B817E9700B38283 /* RepeatLevel.aiff */,
				646CCF1A2B8DB76200CBE526 /* Bonus.wav */,
				647996C12B817E9700B38283 /* WrongAnswer.aiff */,
			);
			path = AudioBits;
			sourceTree = "<group>";
		};
/* End PBXGroup section */

/* Begin PBXNativeTarget section */
		647996922B7EEA0500B38283 /* MultiplyMe */ = {
			isa = PBXNativeTarget;
			buildConfigurationList = 647996A12B7EEA0600B38283 /* Build configuration list for PBXNativeTarget "MultiplyMe" */;
			buildPhases = (
				6479968F2B7EEA0500B38283 /* Sources */,
				647996902B7EEA0500B38283 /* Frameworks */,
				647996912B7EEA0500B38283 /* Resources */,
			);
			buildRules = (
			);
			dependencies = (
			);
			name = MultiplyMe;
			productName = MultiplyChallenge;
			productReference = 647996932B7EEA0500B38283 /* MultiplyMe.app */;
			productType = "com.apple.product-type.application";
		};
/* End PBXNativeTarget section */

/* Begin PBXProject section */
		6479968B2B7EEA0500B38283 /* Project object */ = {
			isa = PBXProject;
			attributes = {
				BuildIndependentTargetsInParallel = 1;
				LastSwiftUpdateCheck = 1510;
				LastUpgradeCheck = 1510;
				TargetAttributes = {
					647996922B7EEA0500B38283 = {
						CreatedOnToolsVersion = 15.1;
					};
				};
			};
			buildConfigurationList = 6479968E2B7EEA0500B38283 /* Build configuration list for PBXProject "MultiplyMe" */;
			compatibilityVersion = "Xcode 14.0";
			developmentRegion = en;
			hasScannedForEncodings = 0;
			knownRegions = (
				en,
				Base,
			);
			mainGroup = 6479968A2B7EEA0500B38283;
			productRefGroup = 647996942B7EEA0500B38283 /* Products */;
			projectDirPath = "";
			projectRoot = "";
			targets = (
				647996922B7EEA0500B38283 /* MultiplyMe */,
			);
		};
/* End PBXProject section */

/* Begin PBXResourcesBuildPhase section */
		647996912B7EEA0500B38283 /* Resources */ = {
			isa = PBXResourcesBuildPhase;
			buildActionMask = 2147483647;
			files = (
				6457E8FD2B8433D5005A1338 /* DefaultImage10.jpg in Resources */,
				646CCF1B2B8DB76200CBE526 /* Bonus.wav in Resources */,
				6457E8E02B83F17A005A1338 /* launchScreen.jpg in Resources */,
				647996C52B817E9700B38283 /* WrongAnswer.aiff in Resources */,
				647996C62B817E9700B38283 /* NextLevel.aiff in Resources */,
				6457E9022B8433D5005A1338 /* DefaultImage13.jpg in Resources */,
				6457E8F62B8433D5005A1338 /* DefaultImage4.jpg in Resources */,
				6457E8F82B8433D5005A1338 /* DefaultImage1.jpg in Resources */,
				6457E8E22B83F57C005A1338 /* Launch Screen.storyboard in Resources */,
				6457E9012B8433D5005A1338 /* DefaultImage12.jpg in Resources */,
				6457E8FB2B8433D5005A1338 /* DefaultImage7.jpg in Resources */,
				6457E8F92B8433D5005A1338 /* DefaultImage8.jpg in Resources */,
				6457E8FE2B8433D5005A1338 /* DefaultImage6.jpg in Resources */,
				6479969E2B7EEA0600B38283 /* Preview Assets.xcassets in Resources */,
				6457E8F72B8433D5005A1338 /* DefaultImage3.jpg in Resources */,
				6457E9042B848B7D005A1338 /* Loading.jpg in Resources */,
				6457E8FF2B8433D5005A1338 /* DefaultImage5.jpg in Resources */,
				647996C32B817E9700B38283 /* CorrectAnswer.wav in Resources */,
				6457E8FC2B8433D5005A1338 /* DefaultImage11.jpg in Resources */,
				6457E9082B85351C005A1338 /* spaceImage.jpg in Resources */,
				6479969B2B7EEA0600B38283 /* Assets.xcassets in Resources */,
				647996C42B817E9700B38283 /* RepeatLevel.aiff in Resources */,
				6457E8FA2B8433D5005A1338 /* DefaultImage9.jpg in Resources */,
				6457E9002B8433D5005A1338 /* DefaultImage2.jpg in Resources */,
				6457E9152B890989005A1338 /* Bigger.jpeg in Resources */,
			);
			runOnlyForDeploymentPostprocessing = 0;
		};
/* End PBXResourcesBuildPhase section */

/* Begin PBXSourcesBuildPhase section */
		6479968F2B7EEA0500B38283 /* Sources */ = {
			isa = PBXSourcesBuildPhase;
			buildActionMask = 2147483647;
			files = (
				647996992B7EEA0500B38283 /* InitScreen.swift in Sources */,
				6457E90A2B854A20005A1338 /* MyButtonModel.swift in Sources */,
				6457E8E62B840FD8005A1338 /* HeaderView.swift in Sources */,
				6457E9112B8690C2005A1338 /* LoginView.swift in Sources */,
				647996A72B7EFEDE00B38283 /* ImagePicker.swift in Sources */,
				6457E9132B86CFCA005A1338 /* SettingsView.swift in Sources */,
				647996A52B7EFE6F00B38283 /* GameFile.swift in Sources */,
				647996972B7EEA0500B38283 /* MultiplyChallengeApp.swift in Sources */,
				6457E9062B8528C9005A1338 /* BonusView.swift in Sources */,
				647996A92B7EFF3E00B38283 /* MathQuestionBuilder.swift in Sources */,
			);
			runOnlyForDeploymentPostprocessing = 0;
		};
/* End PBXSourcesBuildPhase section */

/* Begin XCBuildConfiguration section */
		6479969F2B7EEA0600B38283 /* Debug */ = {
			isa = XCBuildConfiguration;
			buildSettings = {
				ALWAYS_SEARCH_USER_PATHS = NO;
				ASSETCATALOG_COMPILER_GENERATE_SWIFT_ASSET_SYMBOL_EXTENSIONS = YES;
				CLANG_ANALYZER_NONNULL = YES;
				CLANG_ANALYZER_NUMBER_OBJECT_CONVERSION = YES_AGGRESSIVE;
				CLANG_CXX_LANGUAGE_STANDARD = "gnu++20";
				CLANG_ENABLE_MODULES = YES;
				CLANG_ENABLE_OBJC_ARC = YES;
				CLANG_ENABLE_OBJC_WEAK = YES;
				CLANG_WARN_BLOCK_CAPTURE_AUTORELEASING = YES;
				CLANG_WARN_BOOL_CONVERSION = YES;
				CLANG_WARN_COMMA = YES;
				CLANG_WARN_CONSTANT_CONVERSION = YES;
				CLANG_WARN_DEPRECATED_OBJC_IMPLEMENTATIONS = YES;
				CLANG_WARN_DIRECT_OBJC_ISA_USAGE = YES_ERROR;
				CLANG_WARN_DOCUMENTATION_COMMENTS = YES;
				CLANG_WARN_EMPTY_BODY = YES;
				CLANG_WARN_ENUM_CONVERSION = YES;
				CLANG_WARN_INFINITE_RECURSION = YES;
				CLANG_WARN_INT_CONVERSION = YES;
				CLANG_WARN_NON_LITERAL_NULL_CONVERSION = YES;
				CLANG_WARN_OBJC_IMPLICIT_RETAIN_SELF = YES;
				CLANG_WARN_OBJC_LITERAL_CONVERSION = YES;
				CLANG_WARN_OBJC_ROOT_CLASS = YES_ERROR;
				CLANG_WARN_QUOTED_INCLUDE_IN_FRAMEWORK_HEADER = YES;
				CLANG_WARN_RANGE_LOOP_ANALYSIS = YES;
				CLANG_WARN_STRICT_PROTOTYPES = YES;
				CLANG_WARN_SUSPICIOUS_MOVE = YES;
				CLANG_WARN_UNGUARDED_AVAILABILITY = YES_AGGRESSIVE;
				CLANG_WARN_UNREACHABLE_CODE = YES;
				CLANG_WARN__DUPLICATE_METHOD_MATCH = YES;
				COPY_PHASE_STRIP = NO;
				DEBUG_INFORMATION_FORMAT = dwarf;
				ENABLE_STRICT_OBJC_MSGSEND = YES;
				ENABLE_TESTABILITY = YES;
				ENABLE_USER_SCRIPT_SANDBOXING = YES;
				GCC_C_LANGUAGE_STANDARD = gnu17;
				GCC_DYNAMIC_NO_PIC = NO;
				GCC_NO_COMMON_BLOCKS = YES;
				GCC_OPTIMIZATION_LEVEL = 0;
				GCC_PREPROCESSOR_DEFINITIONS = (
					"DEBUG=1",
					"$(inherited)",
				);
				GCC_WARN_64_TO_32_BIT_CONVERSION = YES;
				GCC_WARN_ABOUT_RETURN_TYPE = YES_ERROR;
				GCC_WARN_UNDECLARED_SELECTOR = YES;
				GCC_WARN_UNINITIALIZED_AUTOS = YES_AGGRESSIVE;
				GCC_WARN_UNUSED_FUNCTION = YES;
				GCC_WARN_UNUSED_VARIABLE = YES;
				IPHONEOS_DEPLOYMENT_TARGET = 15.0;
				LOCALIZATION_PREFERS_STRING_CATALOGS = YES;
				MTL_ENABLE_DEBUG_INFO = INCLUDE_SOURCE;
				MTL_FAST_MATH = YES;
				ONLY_ACTIVE_ARCH = YES;
				SDKROOT = iphoneos;
				SWIFT_ACTIVE_COMPILATION_CONDITIONS = "DEBUG $(inherited)";
				SWIFT_OPTIMIZATION_LEVEL = "-Onone";
			};
			name = Debug;
		};
		647996A02B7EEA0600B38283 /* Release */ = {
			isa = XCBuildConfiguration;
			buildSettings = {
				ALWAYS_SEARCH_USER_PATHS = NO;
				ASSETCATALOG_COMPILER_GENERATE_SWIFT_ASSET_SYMBOL_EXTENSIONS = YES;
				CLANG_ANALYZER_NONNULL = YES;
				CLANG_ANALYZER_NUMBER_OBJECT_CONVERSION = YES_AGGRESSIVE;
				CLANG_CXX_LANGUAGE_STANDARD = "gnu++20";
				CLANG_ENABLE_MODULES = YES;
				CLANG_ENABLE_OBJC_ARC = YES;
				CLANG_ENABLE_OBJC_WEAK = YES;
				CLANG_WARN_BLOCK_CAPTURE_AUTORELEASING = YES;
				CLANG_WARN_BOOL_CONVERSION = YES;
				CLANG_WARN_COMMA = YES;
				CLANG_WARN_CONSTANT_CONVERSION = YES;
				CLANG_WARN_DEPRECATED_OBJC_IMPLEMENTATIONS = YES;
				CLANG_WARN_DIRECT_OBJC_ISA_USAGE = YES_ERROR;
				CLANG_WARN_DOCUMENTATION_COMMENTS = YES;
				CLANG_WARN_EMPTY_BODY = YES;
				CLANG_WARN_ENUM_CONVERSION = YES;
				CLANG_WARN_INFINITE_RECURSION = YES;
				CLANG_WARN_INT_CONVERSION = YES;
				CLANG_WARN_NON_LITERAL_NULL_CONVERSION = YES;
				CLANG_WARN_OBJC_IMPLICIT_RETAIN_SELF = YES;
				CLANG_WARN_OBJC_LITERAL_CONVERSION = YES;
				CLANG_WARN_OBJC_ROOT_CLASS = YES_ERROR;
				CLANG_WARN_QUOTED_INCLUDE_IN_FRAMEWORK_HEADER = YES;
				CLANG_WARN_RANGE_LOOP_ANALYSIS = YES;
				CLANG_WARN_STRICT_PROTOTYPES = YES;
				CLANG_WARN_SUSPICIOUS_MOVE = YES;
				CLANG_WARN_UNGUARDED_AVAILABILITY = YES_AGGRESSIVE;
				CLANG_WARN_UNREACHABLE_CODE = YES;
				CLANG_WARN__DUPLICATE_METHOD_MATCH = YES;
				COPY_PHASE_STRIP = NO;
				DEBUG_INFORMATION_FORMAT = "dwarf-with-dsym";
				ENABLE_NS_ASSERTIONS = NO;
				ENABLE_STRICT_OBJC_MSGSEND = YES;
				ENABLE_USER_SCRIPT_SANDBOXING = YES;
				GCC_C_LANGUAGE_STANDARD = gnu17;
				GCC_NO_COMMON_BLOCKS = YES;
				GCC_WARN_64_TO_32_BIT_CONVERSION = YES;
				GCC_WARN_ABOUT_RETURN_TYPE = YES_ERROR;
				GCC_WARN_UNDECLARED_SELECTOR = YES;
				GCC_WARN_UNINITIALIZED_AUTOS = YES_AGGRESSIVE;
				GCC_WARN_UNUSED_FUNCTION = YES;
				GCC_WARN_UNUSED_VARIABLE = YES;
				IPHONEOS_DEPLOYMENT_TARGET = 15.0;
				LOCALIZATION_PREFERS_STRING_CATALOGS = YES;
				MTL_ENABLE_DEBUG_INFO = NO;
				MTL_FAST_MATH = YES;
				SDKROOT = iphoneos;
				SWIFT_COMPILATION_MODE = wholemodule;
				VALIDATE_PRODUCT = YES;
			};
			name = Release;
		};
		647996A22B7EEA0600B38283 /* Debug */ = {
			isa = XCBuildConfiguration;
			buildSettings = {
				ASSETCATALOG_COMPILER_APPICON_NAME = AppIcon;
				ASSETCATALOG_COMPILER_GLOBAL_ACCENT_COLOR_NAME = AccentColor;
				ASSETCATALOG_COMPILER_INCLUDE_ALL_APPICON_ASSETS = YES;
				CODE_SIGN_STYLE = Automatic;
				CURRENT_PROJECT_VERSION = 1;
				DEVELOPMENT_ASSET_PATHS = "\"MultiplyChallenge/Preview Content\"";
				DEVELOPMENT_TEAM = FN7XQ5XQEY;
				ENABLE_PREVIEWS = YES;
				GENERATE_INFOPLIST_FILE = YES;
				INFOPLIST_KEY_UIApplicationSceneManifest_Generation = YES;
				INFOPLIST_KEY_UIApplicationSupportsIndirectInputEvents = YES;
				INFOPLIST_KEY_UILaunchScreen_Generation = YES;
				INFOPLIST_KEY_UILaunchStoryboardName = "Launch Screen.storyboard";
				INFOPLIST_KEY_UISupportedInterfaceOrientations = UIInterfaceOrientationPortrait;
				INFOPLIST_KEY_UISupportedInterfaceOrientations_iPad = "UIInterfaceOrientationLandscapeLeft UIInterfaceOrientationLandscapeRight UIInterfaceOrientationPortrait UIInterfaceOrientationPortraitUpsideDown";
				IPHONEOS_DEPLOYMENT_TARGET = 17.0;
				LD_RUNPATH_SEARCH_PATHS = (
					"$(inherited)",
					"@executable_path/Frameworks",
				);
				MARKETING_VERSION = 1.0;
				PRODUCT_BUNDLE_IDENTIFIER = saar.bibla.MultiplyChallenge;
				PRODUCT_NAME = "$(TARGET_NAME)";
				SWIFT_EMIT_LOC_STRINGS = YES;
				SWIFT_VERSION = 5.0;
				TARGETED_DEVICE_FAMILY = "1,2";
			};
			name = Debug;
		};
		647996A32B7EEA0600B38283 /* Release */ = {
			isa = XCBuildConfiguration;
			buildSettings = {
				ASSETCATALOG_COMPILER_APPICON_NAME = AppIcon;
				ASSETCATALOG_COMPILER_GLOBAL_ACCENT_COLOR_NAME = AccentColor;
				ASSETCATALOG_COMPILER_INCLUDE_ALL_APPICON_ASSETS = YES;
				CODE_SIGN_STYLE = Automatic;
				CURRENT_PROJECT_VERSION = 1;
				DEVELOPMENT_ASSET_PATHS = "\"MultiplyChallenge/Preview Content\"";
				DEVELOPMENT_TEAM = FN7XQ5XQEY;
				ENABLE_PREVIEWS = YES;
				GENERATE_INFOPLIST_FILE = YES;
				INFOPLIST_KEY_UIApplicationSceneManifest_Generation = YES;
				INFOPLIST_KEY_UIApplicationSupportsIndirectInputEvents = YES;
				INFOPLIST_KEY_UILaunchScreen_Generation = YES;
				INFOPLIST_KEY_UILaunchStoryboardName = "Launch Screen.storyboard";
				INFOPLIST_KEY_UISupportedInterfaceOrientations = UIInterfaceOrientationPortrait;
				INFOPLIST_KEY_UISupportedInterfaceOrientations_iPad = "UIInterfaceOrientationLandscapeLeft UIInterfaceOrientationLandscapeRight UIInterfaceOrientationPortrait UIInterfaceOrientationPortraitUpsideDown";
				IPHONEOS_DEPLOYMENT_TARGET = 17.0;
				LD_RUNPATH_SEARCH_PATHS = (
					"$(inherited)",
					"@executable_path/Frameworks",
				);
				MARKETING_VERSION = 1.0;
				PRODUCT_BUNDLE_IDENTIFIER = saar.bibla.MultiplyChallenge;
				PRODUCT_NAME = "$(TARGET_NAME)";
				SWIFT_EMIT_LOC_STRINGS = YES;
				SWIFT_VERSION = 5.0;
				TARGETED_DEVICE_FAMILY = "1,2";
			};
			name = Release;
		};
/* End XCBuildConfiguration section */

/* Begin XCConfigurationList section */
		6479968E2B7EEA0500B38283 /* Build configuration list for PBXProject "MultiplyMe" */ = {
			isa = XCConfigurationList;
			buildConfigurations = (
				6479969F2B7EEA0600B38283 /* Debug */,
				647996A02B7EEA0600B38283 /* Release */,
			);
			defaultConfigurationIsVisible = 0;
			defaultConfigurationName = Release;
		};
		647996A12B7EEA0600B38283 /* Build configuration list for PBXNativeTarget "MultiplyMe" */ = {
			isa = XCConfigurationList;
			buildConfigurations = (
				647996A22B7EEA0600B38283 /* Debug */,
				647996A32B7EEA0600B38283 /* Release */,
			);
			defaultConfigurationIsVisible = 0;
			defaultConfigurationName = Release;
		};
/* End XCConfigurationList section */
	};
	rootObject = 6479968B2B7EEA0500B38283 /* Project object */;
}
