// !$*UTF8*$!
{
	archiveVersion = 1;
	classes = {
	};
	objectVersion = 56;
	objects = {

/* Begin PBXBuildFile section */
		647996972B7EEA0500B38283 /* MultiplyChallengeApp.swift in Sources */ = {isa = PBXBuildFile; fileRef = 647996962B7EEA0500B38283 /* MultiplyChallengeApp.swift */; };
		647996992B7EEA0500B38283 /* InitScreen.swift in Sources */ = {isa = PBXBuildFile; fileRef = 647996982B7EEA0500B38283 /* InitScreen.swift */; };
		6479969B2B7EEA0600B38283 /* Assets.xcassets in Resources */ = {isa = PBXBuildFile; fileRef = 6479969A2B7EEA0600B38283 /* Assets.xcassets */; };
		6479969E2B7EEA0600B38283 /* Preview Assets.xcassets in Resources */ = {isa = PBXBuildFile; fileRef = 6479969D2B7EEA0600B38283 /* Preview Assets.xcassets */; };
		647996A52B7EFE6F00B38283 /* GameFile.swift in Sources */ = {isa = PBXBuildFile; fileRef = 647996A42B7EFE6F00B38283 /* GameFile.swift */; };
		647996A72B7EFEDE00B38283 /* ImagePicker.swift in Sources */ = {isa = PBXBuildFile; fileRef = 647996A62B7EFEDE00B38283 /* ImagePicker.swift */; };
		647996A92B7EFF3E00B38283 /* MathQuestionBuilder.swift in Sources */ = {isa = PBXBuildFile; fileRef = 647996A82B7EFF3E00B38283 /* MathQuestionBuilder.swift */; };
		647996B42B802F7300B38283 /* DefaultImage5.jpeg in Resources */ = {isa = PBXBuildFile; fileRef = 647996AA2B802F7200B38283 /* DefaultImage5.jpeg */; };
		647996B52B802F7300B38283 /* DefaultImage7.jpeg in Resources */ = {isa = PBXBuildFile; fileRef = 647996AB2B802F7300B38283 /* DefaultImage7.jpeg */; };
		647996B62B802F7300B38283 /* DefaultImage2.heic in Resources */ = {isa = PBXBuildFile; fileRef = 647996AC2B802F7300B38283 /* DefaultImage2.heic */; };
		647996B72B802F7300B38283 /* DefaultImage3.heic in Resources */ = {isa = PBXBuildFile; fileRef = 647996AD2B802F7300B38283 /* DefaultImage3.heic */; };
		647996B82B802F7300B38283 /* DefaultImage10.jpeg in Resources */ = {isa = PBXBuildFile; fileRef = 647996AE2B802F7300B38283 /* DefaultImage10.jpeg */; };
		647996B92B802F7300B38283 /* DefaultImage1.heic in Resources */ = {isa = PBXBuildFile; fileRef = 647996AF2B802F7300B38283 /* DefaultImage1.heic */; };
		647996BA2B802F7300B38283 /* DefaultImage6.heic in Resources */ = {isa = PBXBuildFile; fileRef = 647996B02B802F7300B38283 /* DefaultImage6.heic */; };
		647996BB2B802F7300B38283 /* DefaultImage4.heic in Resources */ = {isa = PBXBuildFile; fileRef = 647996B12B802F7300B38283 /* DefaultImage4.heic */; };
		647996BC2B802F7300B38283 /* DefaultImage8.heic in Resources */ = {isa = PBXBuildFile; fileRef = 647996B22B802F7300B38283 /* DefaultImage8.heic */; };
		647996BD2B802F7300B38283 /* DefaultImage9.heic in Resources */ = {isa = PBXBuildFile; fileRef = 647996B32B802F7300B38283 /* DefaultImage9.heic */; };
/* End PBXBuildFile section */

/* Begin PBXFileReference section */
		647996932B7EEA0500B38283 /* MultiplyChallenge.app */ = {isa = PBXFileReference; explicitFileType = wrapper.application; includeInIndex = 0; path = MultiplyChallenge.app; sourceTree = BUILT_PRODUCTS_DIR; };
		647996962B7EEA0500B38283 /* MultiplyChallengeApp.swift */ = {isa = PBXFileReference; lastKnownFileType = sourcecode.swift; path = MultiplyChallengeApp.swift; sourceTree = "<group>"; };
		647996982B7EEA0500B38283 /* InitScreen.swift */ = {isa = PBXFileReference; lastKnownFileType = sourcecode.swift; path = InitScreen.swift; sourceTree = "<group>"; };
		6479969A2B7EEA0600B38283 /* Assets.xcassets */ = {isa = PBXFileReference; lastKnownFileType = folder.assetcatalog; path = Assets.xcassets; sourceTree = "<group>"; };
		6479969D2B7EEA0600B38283 /* Preview Assets.xcassets */ = {isa = PBXFileReference; lastKnownFileType = folder.assetcatalog; path = "Preview Assets.xcassets"; sourceTree = "<group>"; };
		647996A42B7EFE6F00B38283 /* GameFile.swift */ = {isa = PBXFileReference; lastKnownFileType = sourcecode.swift; path = GameFile.swift; sourceTree = "<group>"; };
		647996A62B7EFEDE00B38283 /* ImagePicker.swift */ = {isa = PBXFileReference; lastKnownFileType = sourcecode.swift; path = ImagePicker.swift; sourceTree = "<group>"; };
		647996A82B7EFF3E00B38283 /* MathQuestionBuilder.swift */ = {isa = PBXFileReference; lastKnownFileType = sourcecode.swift; path = MathQuestionBuilder.swift; sourceTree = "<group>"; };
		647996AA2B802F7200B38283 /* DefaultImage5.jpeg */ = {isa = PBXFileReference; lastKnownFileType = image.jpeg; path = DefaultImage5.jpeg; sourceTree = "<group>"; };
		647996AB2B802F7300B38283 /* DefaultImage7.jpeg */ = {isa = PBXFileReference; lastKnownFileType = image.jpeg; path = DefaultImage7.jpeg; sourceTree = "<group>"; };
		647996AC2B802F7300B38283 /* DefaultImage2.heic */ = {isa = PBXFileReference; lastKnownFileType = file; path = DefaultImage2.heic; sourceTree = "<group>"; };
		647996AD2B802F7300B38283 /* DefaultImage3.heic */ = {isa = PBXFileReference; lastKnownFileType = file; path = DefaultImage3.heic; sourceTree = "<group>"; };
		647996AE2B802F7300B38283 /* DefaultImage10.jpeg */ = {isa = PBXFileReference; lastKnownFileType = image.jpeg; path = DefaultImage10.jpeg; sourceTree = "<group>"; };
		647996AF2B802F7300B38283 /* DefaultImage1.heic */ = {isa = PBXFileReference; lastKnownFileType = file; path = DefaultImage1.heic; sourceTree = "<group>"; };
		647996B02B802F7300B38283 /* DefaultImage6.heic */ = {isa = PBXFileReference; lastKnownFileType = file; path = DefaultImage6.heic; sourceTree = "<group>"; };
		647996B12B802F7300B38283 /* DefaultImage4.heic */ = {isa = PBXFileReference; lastKnownFileType = file; path = DefaultImage4.heic; sourceTree = "<group>"; };
		647996B22B802F7300B38283 /* DefaultImage8.heic */ = {isa = PBXFileReference; lastKnownFileType = file; path = DefaultImage8.heic; sourceTree = "<group>"; };
		647996B32B802F7300B38283 /* DefaultImage9.heic */ = {isa = PBXFileReference; lastKnownFileType = file; path = DefaultImage9.heic; sourceTree = "<group>"; };
/* End PBXFileReference section */

/* Begin PBXFrameworksBuildPhase section */
		647996902B7EEA0500B38283 /* Frameworks */ = {
			isa = PBXFrameworksBuildPhase;
			buildActionMask = 2147483647;
			files = (
			);
			runOnlyForDeploymentPostprocessing = 0;
		};
/* End PBXFrameworksBuildPhase section */

/* Begin PBXGroup section */
		6479968A2B7EEA0500B38283 = {
			isa = PBXGroup;
			children = (
				647996A62B7EFEDE00B38283 /* ImagePicker.swift */,
				647996952B7EEA0500B38283 /* MultiplyChallenge */,
				647996942B7EEA0500B38283 /* Products */,
			);
			sourceTree = "<group>";
		};
		647996942B7EEA0500B38283 /* Products */ = {
			isa = PBXGroup;
			children = (
				647996932B7EEA0500B38283 /* MultiplyChallenge.app */,
			);
			name = Products;
			sourceTree = "<group>";
		};
		647996952B7EEA0500B38283 /* MultiplyChallenge */ = {
			isa = PBXGroup;
			children = (
				647996A82B7EFF3E00B38283 /* MathQuestionBuilder.swift */,
				647996A42B7EFE6F00B38283 /* GameFile.swift */,
				647996962B7EEA0500B38283 /* MultiplyChallengeApp.swift */,
				647996982B7EEA0500B38283 /* InitScreen.swift */,
				6479969A2B7EEA0600B38283 /* Assets.xcassets */,
				647996AF2B802F7300B38283 /* DefaultImage1.heic */,
				647996AC2B802F7300B38283 /* DefaultImage2.heic */,
				647996AD2B802F7300B38283 /* DefaultImage3.heic */,
				647996B12B802F7300B38283 /* DefaultImage4.heic */,
				647996AA2B802F7200B38283 /* DefaultImage5.jpeg */,
				647996B02B802F7300B38283 /* DefaultImage6.heic */,
				647996AB2B802F7300B38283 /* DefaultImage7.jpeg */,
				647996B22B802F7300B38283 /* DefaultImage8.heic */,
				647996B32B802F7300B38283 /* DefaultImage9.heic */,
				647996AE2B802F7300B38283 /* DefaultImage10.jpeg */,
				6479969C2B7EEA0600B38283 /* Preview Content */,
			);
			path = MultiplyChallenge;
			sourceTree = "<group>";
		};
		6479969C2B7EEA0600B38283 /* Preview Content */ = {
			isa = PBXGroup;
			children = (
				6479969D2B7EEA0600B38283 /* Preview Assets.xcassets */,
			);
			path = "Preview Content";
			sourceTree = "<group>";
		};
/* End PBXGroup section */

/* Begin PBXNativeTarget section */
		647996922B7EEA0500B38283 /* MultiplyChallenge */ = {
			isa = PBXNativeTarget;
			buildConfigurationList = 647996A12B7EEA0600B38283 /* Build configuration list for PBXNativeTarget "MultiplyChallenge" */;
			buildPhases = (
				6479968F2B7EEA0500B38283 /* Sources */,
				647996902B7EEA0500B38283 /* Frameworks */,
				647996912B7EEA0500B38283 /* Resources */,
			);
			buildRules = (
			);
			dependencies = (
			);
			name = MultiplyChallenge;
			productName = MultiplyChallenge;
			productReference = 647996932B7EEA0500B38283 /* MultiplyChallenge.app */;
			productType = "com.apple.product-type.application";
		};
/* End PBXNativeTarget section */

/* Begin PBXProject section */
		6479968B2B7EEA0500B38283 /* Project object */ = {
			isa = PBXProject;
			attributes = {
				BuildIndependentTargetsInParallel = 1;
				LastSwiftUpdateCheck = 1510;
				LastUpgradeCheck = 1510;
				TargetAttributes = {
					647996922B7EEA0500B38283 = {
						CreatedOnToolsVersion = 15.1;
					};
				};
			};
			buildConfigurationList = 6479968E2B7EEA0500B38283 /* Build configuration list for PBXProject "MultiplyChallenge" */;
			compatibilityVersion = "Xcode 14.0";
			developmentRegion = en;
			hasScannedForEncodings = 0;
			knownRegions = (
				en,
				Base,
			);
			mainGroup = 6479968A2B7EEA0500B38283;
			productRefGroup = 647996942B7EEA0500B38283 /* Products */;
			projectDirPath = "";
			projectRoot = "";
			targets = (
				647996922B7EEA0500B38283 /* MultiplyChallenge */,
			);
		};
/* End PBXProject section */

/* Begin PBXResourcesBuildPhase section */
		647996912B7EEA0500B38283 /* Resources */ = {
			isa = PBXResourcesBuildPhase;
			buildActionMask = 2147483647;
			files = (
				647996BD2B802F7300B38283 /* DefaultImage9.heic in Resources */,
				647996B72B802F7300B38283 /* DefaultImage3.heic in Resources */,
				647996B52B802F7300B38283 /* DefaultImage7.jpeg in Resources */,
				647996B42B802F7300B38283 /* DefaultImage5.jpeg in Resources */,
				647996BA2B802F7300B38283 /* DefaultImage6.heic in Resources */,
				647996BB2B802F7300B38283 /* DefaultImage4.heic in Resources */,
				647996B92B802F7300B38283 /* DefaultImage1.heic in Resources */,
				647996BC2B802F7300B38283 /* DefaultImage8.heic in Resources */,
				647996B82B802F7300B38283 /* DefaultImage10.jpeg in Resources */,
				6479969E2B7EEA0600B38283 /* Preview Assets.xcassets in Resources */,
				647996B62B802F7300B38283 /* DefaultImage2.heic in Resources */,
				6479969B2B7EEA0600B38283 /* Assets.xcassets in Resources */,
			);
			runOnlyForDeploymentPostprocessing = 0;
		};
/* End PBXResourcesBuildPhase section */

/* Begin PBXSourcesBuildPhase section */
		6479968F2B7EEA0500B38283 /* Sources */ = {
			isa = PBXSourcesBuildPhase;
			buildActionMask = 2147483647;
			files = (
				647996992B7EEA0500B38283 /* InitScreen.swift in Sources */,
				647996A72B7EFEDE00B38283 /* ImagePicker.swift in Sources */,
				647996A52B7EFE6F00B38283 /* GameFile.swift in Sources */,
				647996972B7EEA0500B38283 /* MultiplyChallengeApp.swift in Sources */,
				647996A92B7EFF3E00B38283 /* MathQuestionBuilder.swift in Sources */,
			);
			runOnlyForDeploymentPostprocessing = 0;
		};
/* End PBXSourcesBuildPhase section */

/* Begin XCBuildConfiguration section */
		6479969F2B7EEA0600B38283 /* Debug */ = {
			isa = XCBuildConfiguration;
			buildSettings = {
				ALWAYS_SEARCH_USER_PATHS = NO;
				ASSETCATALOG_COMPILER_GENERATE_SWIFT_ASSET_SYMBOL_EXTENSIONS = YES;
				CLANG_ANALYZER_NONNULL = YES;
				CLANG_ANALYZER_NUMBER_OBJECT_CONVERSION = YES_AGGRESSIVE;
				CLANG_CXX_LANGUAGE_STANDARD = "gnu++20";
				CLANG_ENABLE_MODULES = YES;
				CLANG_ENABLE_OBJC_ARC = YES;
				CLANG_ENABLE_OBJC_WEAK = YES;
				CLANG_WARN_BLOCK_CAPTURE_AUTORELEASING = YES;
				CLANG_WARN_BOOL_CONVERSION = YES;
				CLANG_WARN_COMMA = YES;
				CLANG_WARN_CONSTANT_CONVERSION = YES;
				CLANG_WARN_DEPRECATED_OBJC_IMPLEMENTATIONS = YES;
				CLANG_WARN_DIRECT_OBJC_ISA_USAGE = YES_ERROR;
				CLANG_WARN_DOCUMENTATION_COMMENTS = YES;
				CLANG_WARN_EMPTY_BODY = YES;
				CLANG_WARN_ENUM_CONVERSION = YES;
				CLANG_WARN_INFINITE_RECURSION = YES;
				CLANG_WARN_INT_CONVERSION = YES;
				CLANG_WARN_NON_LITERAL_NULL_CONVERSION = YES;
				CLANG_WARN_OBJC_IMPLICIT_RETAIN_SELF = YES;
				CLANG_WARN_OBJC_LITERAL_CONVERSION = YES;
				CLANG_WARN_OBJC_ROOT_CLASS = YES_ERROR;
				CLANG_WARN_QUOTED_INCLUDE_IN_FRAMEWORK_HEADER = YES;
				CLANG_WARN_RANGE_LOOP_ANALYSIS = YES;
				CLANG_WARN_STRICT_PROTOTYPES = YES;
				CLANG_WARN_SUSPICIOUS_MOVE = YES;
				CLANG_WARN_UNGUARDED_AVAILABILITY = YES_AGGRESSIVE;
				CLANG_WARN_UNREACHABLE_CODE = YES;
				CLANG_WARN__DUPLICATE_METHOD_MATCH = YES;
				COPY_PHASE_STRIP = NO;
				DEBUG_INFORMATION_FORMAT = dwarf;
				ENABLE_STRICT_OBJC_MSGSEND = YES;
				ENABLE_TESTABILITY = YES;
				ENABLE_USER_SCRIPT_SANDBOXING = YES;
				GCC_C_LANGUAGE_STANDARD = gnu17;
				GCC_DYNAMIC_NO_PIC = NO;
				GCC_NO_COMMON_BLOCKS = YES;
				GCC_OPTIMIZATION_LEVEL = 0;
				GCC_PREPROCESSOR_DEFINITIONS = (
					"DEBUG=1",
					"$(inherited)",
				);
				GCC_WARN_64_TO_32_BIT_CONVERSION = YES;
				GCC_WARN_ABOUT_RETURN_TYPE = YES_ERROR;
				GCC_WARN_UNDECLARED_SELECTOR = YES;
				GCC_WARN_UNINITIALIZED_AUTOS = YES_AGGRESSIVE;
				GCC_WARN_UNUSED_FUNCTION = YES;
				GCC_WARN_UNUSED_VARIABLE = YES;
				IPHONEOS_DEPLOYMENT_TARGET = 17.2;
				LOCALIZATION_PREFERS_STRING_CATALOGS = YES;
				MTL_ENABLE_DEBUG_INFO = INCLUDE_SOURCE;
				MTL_FAST_MATH = YES;
				ONLY_ACTIVE_ARCH = YES;
				SDKROOT = iphoneos;
				SWIFT_ACTIVE_COMPILATION_CONDITIONS = "DEBUG $(inherited)";
				SWIFT_OPTIMIZATION_LEVEL = "-Onone";
			};
			name = Debug;
		};
		647996A02B7EEA0600B38283 /* Release */ = {
			isa = XCBuildConfiguration;
			buildSettings = {
				ALWAYS_SEARCH_USER_PATHS = NO;
				ASSETCATALOG_COMPILER_GENERATE_SWIFT_ASSET_SYMBOL_EXTENSIONS = YES;
				CLANG_ANALYZER_NONNULL = YES;
				CLANG_ANALYZER_NUMBER_OBJECT_CONVERSION = YES_AGGRESSIVE;
				CLANG_CXX_LANGUAGE_STANDARD = "gnu++20";
				CLANG_ENABLE_MODULES = YES;
				CLANG_ENABLE_OBJC_ARC = YES;
				CLANG_ENABLE_OBJC_WEAK = YES;
				CLANG_WARN_BLOCK_CAPTURE_AUTORELEASING = YES;
				CLANG_WARN_BOOL_CONVERSION = YES;
				CLANG_WARN_COMMA = YES;
				CLANG_WARN_CONSTANT_CONVERSION = YES;
				CLANG_WARN_DEPRECATED_OBJC_IMPLEMENTATIONS = YES;
				CLANG_WARN_DIRECT_OBJC_ISA_USAGE = YES_ERROR;
				CLANG_WARN_DOCUMENTATION_COMMENTS = YES;
				CLANG_WARN_EMPTY_BODY = YES;
				CLANG_WARN_ENUM_CONVERSION = YES;
				CLANG_WARN_INFINITE_RECURSION = YES;
				CLANG_WARN_INT_CONVERSION = YES;
				CLANG_WARN_NON_LITERAL_NULL_CONVERSION = YES;
				CLANG_WARN_OBJC_IMPLICIT_RETAIN_SELF = YES;
				CLANG_WARN_OBJC_LITERAL_CONVERSION = YES;
				CLANG_WARN_OBJC_ROOT_CLASS = YES_ERROR;
				CLANG_WARN_QUOTED_INCLUDE_IN_FRAMEWORK_HEADER = YES;
				CLANG_WARN_RANGE_LOOP_ANALYSIS = YES;
				CLANG_WARN_STRICT_PROTOTYPES = YES;
				CLANG_WARN_SUSPICIOUS_MOVE = YES;
				CLANG_WARN_UNGUARDED_AVAILABILITY = YES_AGGRESSIVE;
				CLANG_WARN_UNREACHABLE_CODE = YES;
				CLANG_WARN__DUPLICATE_METHOD_MATCH = YES;
				COPY_PHASE_STRIP = NO;
				DEBUG_INFORMATION_FORMAT = "dwarf-with-dsym";
				ENABLE_NS_ASSERTIONS = NO;
				ENABLE_STRICT_OBJC_MSGSEND = YES;
				ENABLE_USER_SCRIPT_SANDBOXING = YES;
				GCC_C_LANGUAGE_STANDARD = gnu17;
				GCC_NO_COMMON_BLOCKS = YES;
				GCC_WARN_64_TO_32_BIT_CONVERSION = YES;
				GCC_WARN_ABOUT_RETURN_TYPE = YES_ERROR;
				GCC_WARN_UNDECLARED_SELECTOR = YES;
				GCC_WARN_UNINITIALIZED_AUTOS = YES_AGGRESSIVE;
				GCC_WARN_UNUSED_FUNCTION = YES;
				GCC_WARN_UNUSED_VARIABLE = YES;
				IPHONEOS_DEPLOYMENT_TARGET = 17.2;
				LOCALIZATION_PREFERS_STRING_CATALOGS = YES;
				MTL_ENABLE_DEBUG_INFO = NO;
				MTL_FAST_MATH = YES;
				SDKROOT = iphoneos;
				SWIFT_COMPILATION_MODE = wholemodule;
				VALIDATE_PRODUCT = YES;
			};
			name = Release;
		};
		647996A22B7EEA0600B38283 /* Debug */ = {
			isa = XCBuildConfiguration;
			buildSettings = {
				ASSETCATALOG_COMPILER_APPICON_NAME = AppIcon;
				ASSETCATALOG_COMPILER_GLOBAL_ACCENT_COLOR_NAME = AccentColor;
				CODE_SIGN_STYLE = Automatic;
				CURRENT_PROJECT_VERSION = 1;
				DEVELOPMENT_ASSET_PATHS = "\"MultiplyChallenge/Preview Content\"";
				DEVELOPMENT_TEAM = FN7XQ5XQEY;
				ENABLE_PREVIEWS = YES;
				GENERATE_INFOPLIST_FILE = YES;
				INFOPLIST_KEY_UIApplicationSceneManifest_Generation = YES;
				INFOPLIST_KEY_UIApplicationSupportsIndirectInputEvents = YES;
				INFOPLIST_KEY_UILaunchScreen_Generation = YES;
				INFOPLIST_KEY_UISupportedInterfaceOrientations_iPad = "UIInterfaceOrientationPortrait UIInterfaceOrientationPortraitUpsideDown UIInterfaceOrientationLandscapeLeft UIInterfaceOrientationLandscapeRight";
				INFOPLIST_KEY_UISupportedInterfaceOrientations_iPhone = "UIInterfaceOrientationPortrait UIInterfaceOrientationLandscapeLeft UIInterfaceOrientationLandscapeRight";
				IPHONEOS_DEPLOYMENT_TARGET = 15.0;
				LD_RUNPATH_SEARCH_PATHS = (
					"$(inherited)",
					"@executable_path/Frameworks",
				);
				MARKETING_VERSION = 1.0;
				PRODUCT_BUNDLE_IDENTIFIER = saar.bibla.MultiplyChallenge;
				PRODUCT_NAME = "$(TARGET_NAME)";
				SWIFT_EMIT_LOC_STRINGS = YES;
				SWIFT_VERSION = 5.0;
				TARGETED_DEVICE_FAMILY = "1,2";
			};
			name = Debug;
		};
		647996A32B7EEA0600B38283 /* Release */ = {
			isa = XCBuildConfiguration;
			buildSettings = {
				ASSETCATALOG_COMPILER_APPICON_NAME = AppIcon;
				ASSETCATALOG_COMPILER_GLOBAL_ACCENT_COLOR_NAME = AccentColor;
				CODE_SIGN_STYLE = Automatic;
				CURRENT_PROJECT_VERSION = 1;
				DEVELOPMENT_ASSET_PATHS = "\"MultiplyChallenge/Preview Content\"";
				DEVELOPMENT_TEAM = FN7XQ5XQEY;
				ENABLE_PREVIEWS = YES;
				GENERATE_INFOPLIST_FILE = YES;
				INFOPLIST_KEY_UIApplicationSceneManifest_Generation = YES;
				INFOPLIST_KEY_UIApplicationSupportsIndirectInputEvents = YES;
				INFOPLIST_KEY_UILaunchScreen_Generation = YES;
				INFOPLIST_KEY_UISupportedInterfaceOrientations_iPad = "UIInterfaceOrientationPortrait UIInterfaceOrientationPortraitUpsideDown UIInterfaceOrientationLandscapeLeft UIInterfaceOrientationLandscapeRight";
				INFOPLIST_KEY_UISupportedInterfaceOrientations_iPhone = "UIInterfaceOrientationPortrait UIInterfaceOrientationLandscapeLeft UIInterfaceOrientationLandscapeRight";
				IPHONEOS_DEPLOYMENT_TARGET = 15.0;
				LD_RUNPATH_SEARCH_PATHS = (
					"$(inherited)",
					"@executable_path/Frameworks",
				);
				MARKETING_VERSION = 1.0;
				PRODUCT_BUNDLE_IDENTIFIER = saar.bibla.MultiplyChallenge;
				PRODUCT_NAME = "$(TARGET_NAME)";
				SWIFT_EMIT_LOC_STRINGS = YES;
				SWIFT_VERSION = 5.0;
				TARGETED_DEVICE_FAMILY = "1,2";
			};
			name = Release;
		};
/* End XCBuildConfiguration section */

/* Begin XCConfigurationList section */
		6479968E2B7EEA0500B38283 /* Build configuration list for PBXProject "MultiplyChallenge" */ = {
			isa = XCConfigurationList;
			buildConfigurations = (
				6479969F2B7EEA0600B38283 /* Debug */,
				647996A02B7EEA0600B38283 /* Release */,
			);
			defaultConfigurationIsVisible = 0;
			defaultConfigurationName = Release;
		};
		647996A12B7EEA0600B38283 /* Build configuration list for PBXNativeTarget "MultiplyChallenge" */ = {
			isa = XCConfigurationList;
			buildConfigurations = (
				647996A22B7EEA0600B38283 /* Debug */,
				647996A32B7EEA0600B38283 /* Release */,
			);
			defaultConfigurationIsVisible = 0;
			defaultConfigurationName = Release;
		};
/* End XCConfigurationList section */
	};
	rootObject = 6479968B2B7EEA0500B38283 /* Project object */;
}
